<Solution>
  <Project Path="lesson1作业/lesson1作业.csproj" Id="5bfe2621-b6db-4659-845e-38a6873fa923" />
  <Project Path="lesson1作业答案/lesson1作业答案.csproj" Id="f876ffc2-1f37-4a0b-be4c-d3fc7b7fdc4b" />
  <Project Path="lesson1控制台相关/lesson1控制台相关.csproj" />
  <Project Path="lesson2作业/lesson2作业.csproj" Id="76d15ad6-2dc7-4896-8551-4eeb8c6f4c03" />
  <Project Path="lesson2作业答案/lesson2作业答案.csproj" Id="a0034a9b-b2f1-427f-a3e5-b5861e386f40" />
  <Project Path="lesson2随机数/lesson2随机数.csproj" Id="1e596b92-4499-4252-913e-640506134e05" />
  <Project Path="lesson3项目调试/lesson3项目调试.csproj" Id="85c5fd47-6485-4a78-ac5f-155e101291ae" />
  <Project Path="lesson4需求分析/lesson4需求分析.csproj" Id="399c7bc0-2802-4525-b1bb-7e19f25dd1e0" />
  <Project Path="test/test.csproj" Id="c4729085-b01d-4b1b-ab70-5df5319b5563" />
  <Project Path="入门实践/入门实践.csproj" Id="dd936944-c90e-4e1c-960d-b8ad42fc1603" />
</Solution>
